{
  "requires": true,
  "lockfileVersion": 1,
  "dependencies": {
    "react-hamburger-menu": {
      "version": "1.2.1",
      "resolved": "https://registry.npmjs.org/react-hamburger-menu/-/react-hamburger-menu-1.2.1.tgz",
      "integrity": "sha512-It5Jque8bx9lYn8q/NFtu9Ci20fBMsyunFSp06ZGgWXbMZlTFrN0IxKguGZ0igYQr6RvJ3S9CN3rTjrObmq/Cw=="
    }
  }
}
